
Microsoft Visual Studio Solution File, Format Version 12.00
# Visual Studio Version 17
VisualStudioVersion = 17.14.36408.4 d17.14
MinimumVisualStudioVersion = 10.0.40219.1
Project("{FAE04EC0-301F-11D3-BF4B-00C04F79EFBC}") = "Acme Accounting", "Acme Accounting\Acme Accounting.csproj", "{FE43F6B0-2DB1-498D-966D-67FBA197FE5F}"
EndProject
Global
	GlobalSection(SolutionConfigurationPlatforms) = preSolution
		Debug|Any CPU = Debug|Any CPU
		Release|Any CPU = Release|Any CPU
	EndGlobalSection
	GlobalSection(ProjectConfigurationPlatforms) = postSolution
		{FE43F6B0-2DB1-498D-966D-67FBA197FE5F}.Debug|Any CPU.ActiveCfg = Debug|Any CPU
		{FE43F6B0-2DB1-498D-966D-67FBA197FE5F}.Debug|Any CPU.Build.0 = Debug|Any CPU
		{FE43F6B0-2DB1-498D-966D-67FBA197FE5F}.Release|Any CPU.ActiveCfg = Release|Any CPU
		{FE43F6B0-2DB1-498D-966D-67FBA197FE5F}.Release|Any CPU.Build.0 = Release|Any CPU
	EndGlobalSection
	GlobalSection(SolutionProperties) = preSolution
		HideSolutionNode = FALSE
	EndGlobalSection
	GlobalSection(ExtensibilityGlobals) = postSolution
		SolutionGuid = {22B80C1F-A098-4E2D-A0B8-63304A686FA4}
	EndGlobalSection
EndGlobal
