
Microsoft Visual Studio Solution File, Format Version 12.00
# Visual Studio Version 17
VisualStudioVersion = 17.14.36408.4 d17.14
MinimumVisualStudioVersion = 10.0.40219.1
Project("{FAE04EC0-301F-11D3-BF4B-00C04F79EFBC}") = "Parsing Enums Assignment", "Parsing Enums Assignment\Parsing Enums Assignment.csproj", "{73CF77D2-46D7-488D-AB03-B0416C500EBF}"
EndProject
Global
	GlobalSection(SolutionConfigurationPlatforms) = preSolution
		Debug|Any CPU = Debug|Any CPU
		Release|Any CPU = Release|Any CPU
	EndGlobalSection
	GlobalSection(ProjectConfigurationPlatforms) = postSolution
		{73CF77D2-46D7-488D-AB03-B0416C500EBF}.Debug|Any CPU.ActiveCfg = Debug|Any CPU
		{73CF77D2-46D7-488D-AB03-B0416C500EBF}.Debug|Any CPU.Build.0 = Debug|Any CPU
		{73CF77D2-46D7-488D-AB03-B0416C500EBF}.Release|Any CPU.ActiveCfg = Release|Any CPU
		{73CF77D2-46D7-488D-AB03-B0416C500EBF}.Release|Any CPU.Build.0 = Release|Any CPU
	EndGlobalSection
	GlobalSection(SolutionProperties) = preSolution
		HideSolutionNode = FALSE
	EndGlobalSection
	GlobalSection(ExtensibilityGlobals) = postSolution
		SolutionGuid = {6C1DA1FB-F142-4C13-B37F-BEE23C51C4CA}
	EndGlobalSection
EndGlobal
