
Microsoft Visual Studio Solution File, Format Version 12.00
# Visual Studio Version 17
VisualStudioVersion = 17.14.36408.4 d17.14
MinimumVisualStudioVersion = 10.0.40219.1
Project("{FAE04EC0-301F-11D3-BF4B-00C04F79EFBC}") = "Struct Assignment", "Struct Assignment\Struct Assignment.csproj", "{D808BA72-24B2-4FF3-B4B1-81BB83EF063B}"
EndProject
Global
	GlobalSection(SolutionConfigurationPlatforms) = preSolution
		Debug|Any CPU = Debug|Any CPU
		Release|Any CPU = Release|Any CPU
	EndGlobalSection
	GlobalSection(ProjectConfigurationPlatforms) = postSolution
		{D808BA72-24B2-4FF3-B4B1-81BB83EF063B}.Debug|Any CPU.ActiveCfg = Debug|Any CPU
		{D808BA72-24B2-4FF3-B4B1-81BB83EF063B}.Debug|Any CPU.Build.0 = Debug|Any CPU
		{D808BA72-24B2-4FF3-B4B1-81BB83EF063B}.Release|Any CPU.ActiveCfg = Release|Any CPU
		{D808BA72-24B2-4FF3-B4B1-81BB83EF063B}.Release|Any CPU.Build.0 = Release|Any CPU
	EndGlobalSection
	GlobalSection(SolutionProperties) = preSolution
		HideSolutionNode = FALSE
	EndGlobalSection
	GlobalSection(ExtensibilityGlobals) = postSolution
		SolutionGuid = {0EAC41B5-256A-4121-8CF2-FEF7126591F9}
	EndGlobalSection
EndGlobal
